
Microsoft Visual Studio Solution File, Format Version 12.00
# Visual Studio 14
VisualStudioVersion = 14.0.23107.0
MinimumVisualStudioVersion = 10.0.40219.1
Project("{FAE04EC0-301F-11D3-BF4B-00C04F79EFBC}") = "الوجب الثلاث", "الوجب الثلاث\الوجب الثلاث.csproj", "{EE3E85A2-A9A6-4E91-B20E-B09A2D0AA1DE}"
EndProject
Global
	GlobalSection(SolutionConfigurationPlatforms) = preSolution
		Debug|Any CPU = Debug|Any CPU
		Release|Any CPU = Release|Any CPU
	EndGlobalSection
	GlobalSection(ProjectConfigurationPlatforms) = postSolution
		{EE3E85A2-A9A6-4E91-B20E-B09A2D0AA1DE}.Debug|Any CPU.ActiveCfg = Debug|Any CPU
		{EE3E85A2-A9A6-4E91-B20E-B09A2D0AA1DE}.Debug|Any CPU.Build.0 = Debug|Any CPU
		{EE3E85A2-A9A6-4E91-B20E-B09A2D0AA1DE}.Release|Any CPU.ActiveCfg = Release|Any CPU
		{EE3E85A2-A9A6-4E91-B20E-B09A2D0AA1DE}.Release|Any CPU.Build.0 = Release|Any CPU
	EndGlobalSection
	GlobalSection(SolutionProperties) = preSolution
		HideSolutionNode = FALSE
	EndGlobalSection
EndGlobal
